# THIS IS AN AUTOGENERATED FILE. DO NOT EDIT THIS FILE DIRECTLY.
# yarn lockfile v1


follow-redirects@^1.4.1:
  version "1.14.7"
  resolved "https://registry.yarnpkg.com/follow-redirects/-/follow-redirects-1.14.7.tgz#2004c02eb9436eee9a21446a6477debf17e81685"
  integrity sha512-+hbxoLbFMbRKDwohX8GkTataGqO6Jb7jGwpAlwgy2bIz25XtRm7KEzJM76R1WiNT5SwZkX4Y75SwBolkpmE7iQ==

is-buffer@^2.0.2:
  version "2.0.5"
  resolved "https://registry.yarnpkg.com/is-buffer/-/is-buffer-2.0.5.tgz#ebc252e400d22ff8d77fa09888821a24a658c191"
  integrity sha512-i2R6zNFDwgEHJyQUtJEk0XFi1i0dPFn/oqjK3/vPCcDeJvW5NQ83V8QbicfF1SupOaB0h8ntgBC2YiE7dfyctQ==

wx-axios@^0.0.7:
  version "0.0.7"
  resolved "https://registry.yarnpkg.com/wx-axios/-/wx-axios-0.0.7.tgz#c3f4b16038ef8a6456593571a75e52305425d50c"
  integrity sha512-hPobpb88p9lL0MnLxQ1IqLL2xHICfvDYcAnSSehzuhHhcOZtEFHpFWF7zWf7eUMe3/eHwWCia0bDdkGmLg083g==
  dependencies:
    follow-redirects "^1.4.1"
    is-buffer "^2.0.2"
